
Microsoft Visual Studio Solution File, Format Version 12.00
# Visual Studio 15
VisualStudioVersion = 15.0.28010.2046
MinimumVisualStudioVersion = 10.0.40219.1
Project("{FAE04EC0-301F-11D3-BF4B-00C04F79EFBC}") = "BlogMvcApp", "BlogMvcApp\BlogMvcApp.csproj", "{43AF4D0C-A489-4701-A312-CA3A9A6DAA6F}"
EndProject
Global
	GlobalSection(SolutionConfigurationPlatforms) = preSolution
		Debug|Any CPU = Debug|Any CPU
		Release|Any CPU = Release|Any CPU
	EndGlobalSection
	GlobalSection(ProjectConfigurationPlatforms) = postSolution
		{43AF4D0C-A489-4701-A312-CA3A9A6DAA6F}.Debug|Any CPU.ActiveCfg = Debug|Any CPU
		{43AF4D0C-A489-4701-A312-CA3A9A6DAA6F}.Debug|Any CPU.Build.0 = Debug|Any CPU
		{43AF4D0C-A489-4701-A312-CA3A9A6DAA6F}.Release|Any CPU.ActiveCfg = Release|Any CPU
		{43AF4D0C-A489-4701-A312-CA3A9A6DAA6F}.Release|Any CPU.Build.0 = Release|Any CPU
	EndGlobalSection
	GlobalSection(SolutionProperties) = preSolution
		HideSolutionNode = FALSE
	EndGlobalSection
	GlobalSection(ExtensibilityGlobals) = postSolution
		SolutionGuid = {6AB6D495-49CD-4E2B-9E05-E2A6984972C0}
	EndGlobalSection
EndGlobal
